
Microsoft Visual Studio Solution File, Format Version 12.00
# Visual Studio Version 17
VisualStudioVersion = 17.1.32328.378
MinimumVisualStudioVersion = 10.0.40219.1
Project("{FAE04EC0-301F-11D3-BF4B-00C04F79EFBC}") = "App", "App.csproj", "{5BE438D3-D72C-4594-B22C-BA9B9576E9EA}"
EndProject
Global
	GlobalSection(SolutionConfigurationPlatforms) = preSolution
		Debug|Any CPU = Debug|Any CPU
		Release|Any CPU = Release|Any CPU
	EndGlobalSection
	GlobalSection(ProjectConfigurationPlatforms) = postSolution
		{5BE438D3-D72C-4594-B22C-BA9B9576E9EA}.Debug|Any CPU.ActiveCfg = Debug|Any CPU
		{5BE438D3-D72C-4594-B22C-BA9B9576E9EA}.Debug|Any CPU.Build.0 = Debug|Any CPU
		{5BE438D3-D72C-4594-B22C-BA9B9576E9EA}.Release|Any CPU.ActiveCfg = Release|Any CPU
		{5BE438D3-D72C-4594-B22C-BA9B9576E9EA}.Release|Any CPU.Build.0 = Release|Any CPU
	EndGlobalSection
	GlobalSection(SolutionProperties) = preSolution
		HideSolutionNode = FALSE
	EndGlobalSection
	GlobalSection(ExtensibilityGlobals) = postSolution
		SolutionGuid = {899F84EF-0966-413E-816B-9874D9AAB5EB}
	EndGlobalSection
EndGlobal
